<?xml version="1.0" encoding="utf-8"?>
<Project ToolsVersion="4.0" xmlns="http://schemas.microsoft.com/developer/msbuild/2003">
  <ItemGroup>
    <Filter Include="Source Files">
      <UniqueIdentifier>{4FC737F1-C7A5-4376-A066-2A32D752A2FF}</UniqueIdentifier>
      <Extensions>cpp;c;cc;cxx;c++;cppm;ixx;def;odl;idl;hpj;bat;asm;asmx</Extensions>
    </Filter>
    <Filter Include="Header Files">
      <UniqueIdentifier>{93995380-89BD-4b04-88EB-625FBE52EBFB}</UniqueIdentifier>
      <Extensions>h;hh;hpp;hxx;h++;hm;inl;inc;ipp;xsd</Extensions>
    </Filter>
    <Filter Include="Resource Files">
      <UniqueIdentifier>{67DA6AB6-F800-4c08-8B7A-83BB121AAD01}</UniqueIdentifier>
      <Extensions>rc;ico;cur;bmp;dlg;rc2;rct;bin;rgs;gif;jpg;jpeg;jpe;resx;tiff;tif;png;wav;mfcribbon-ms</Extensions>
    </Filter>
  </ItemGroup>
  <ItemGroup>
    <ClCompile Include="main.cpp">
      <Filter>Source Files</Filter>
    </ClCompile>
    <ClCompile Include="Level.cpp">
      <Filter>Source Files</Filter>
    </ClCompile>
    <ClCompile Include="Pokemon.cpp">
      <Filter>Source Files</Filter>
    </ClCompile>
    <ClCompile Include="GameMath.cpp">
      <Filter>Source Files</Filter>
    </ClCompile>
    <ClCompile Include="PlayerPokemon.cpp">
      <Filter>Source Files</Filter>
    </ClCompile>
    <ClCompile Include="ui\HealthBar.cpp">
      <Filter>Source Files</Filter>
    </ClCompile>
    <ClCompile Include="ui\PokemonPlaceUI.cpp">
      <Filter>Source Files</Filter>
    </ClCompile>
    <ClCompile Include="Player.cpp">
      <Filter>Source Files</Filter>
    </ClCompile>
    <ClCompile Include="Game.cpp">
      <Filter>Source Files</Filter>
    </ClCompile>
    <ClCompile Include="ui\PokemonPlacement.cpp">
      <Filter>Source Files</Filter>
    </ClCompile>
    <ClCompile Include="ui\RoundedRectangleShape.cpp">
      <Filter>Source Files</Filter>
    </ClCompile>
    <ClCompile Include="attack\Attack.cpp">
      <Filter>Source Files</Filter>
    </ClCompile>
    <ClCompile Include="attack\ProjectileAttack.cpp">
      <Filter>Source Files</Filter>
    </ClCompile>
    <ClCompile Include="SpriteLoader.cpp">
      <Filter>Source Files</Filter>
    </ClCompile>
    <ClCompile Include="ui\GameSpeedUI.cpp">
      <Filter>Source Files</Filter>
    </ClCompile>
    <ClCompile Include="ui\AttackUI.cpp">
      <Filter>Source Files</Filter>
    </ClCompile>
    <ClCompile Include="ui\LevelPokemonUI.cpp">
      <Filter>Source Files</Filter>
    </ClCompile>
    <ClCompile Include="PokemonStats.cpp">
      <Filter>Source Files</Filter>
    </ClCompile>
    <ClCompile Include="attack\AttackStats.cpp">
      <Filter>Source Files</Filter>
    </ClCompile>
    <ClCompile Include="sqlite\shell.c">
      <Filter>Source Files</Filter>
    </ClCompile>
    <ClCompile Include="sqlite\sqlite3.c">
      <Filter>Source Files</Filter>
    </ClCompile>
    <ClCompile Include="sqlite\Database.cpp">
      <Filter>Source Files</Filter>
    </ClCompile>
    <ClCompile Include="ui\EvolutionUI.cpp">
      <Filter>Source Files</Filter>
    </ClCompile>
    <ClCompile Include="attack\AttackInfo.cpp">
      <Filter>Source Files</Filter>
    </ClCompile>
    <ClCompile Include="attack\AttackStanding.cpp">
      <Filter>Source Files</Filter>
    </ClCompile>
    <ClCompile Include="attack\AOEAttack.cpp">
      <Filter>Source Files</Filter>
    </ClCompile>
    <ClCompile Include="attack\AOEAttackStanding.cpp">
      <Filter>Source Files</Filter>
    </ClCompile>
    <ClCompile Include="attack\AOEAttackProjectile.cpp">
      <Filter>Source Files</Filter>
    </ClCompile>
    <ClCompile Include="attack\AttackContact.cpp">
      <Filter>Source Files</Filter>
    </ClCompile>
    <ClCompile Include="ui\LearnMoveUI.cpp">
      <Filter>Source Files</Filter>
    </ClCompile>
    <ClCompile Include="ui\LevelMenu.cpp">
      <Filter>Source Files</Filter>
    </ClCompile>
    <ClCompile Include="ui\LevelThumbnailUI.cpp">
      <Filter>Source Files</Filter>
    </ClCompile>
    <ClCompile Include="ui\PauseMenuUI.cpp">
      <Filter>Source Files</Filter>
    </ClCompile>
    <ClCompile Include="ui\PokeBallUI.cpp">
      <Filter>Source Files</Filter>
    </ClCompile>
    <ClCompile Include="WaveManager.cpp">
      <Filter>Source Files</Filter>
    </ClCompile>
    <ClCompile Include="attack\AttackPokemonSprite.cpp">
      <Filter>Source Files</Filter>
    </ClCompile>
    <ClCompile Include="attack\AOEHitboxAttack.cpp">
      <Filter>Source Files</Filter>
    </ClCompile>
    <ClCompile Include="attack\AOEHitboxAttackMoving.cpp">
      <Filter>Source Files</Filter>
    </ClCompile>
    <ClCompile Include="PickupItem.cpp">
      <Filter>Source Files</Filter>
    </ClCompile>
    <ClCompile Include="ui\GameOverUI.cpp">
      <Filter>Source Files</Filter>
    </ClCompile>
    <ClCompile Include="StatusEffect.cpp">
      <Filter>Source Files</Filter>
    </ClCompile>
    <ClCompile Include="ui\DamageText.cpp">
      <Filter>Source Files</Filter>
    </ClCompile>
    <ClCompile Include="ui\PokemonPickMenu.cpp">
      <Filter>Source Files</Filter>
    </ClCompile>
    <ClCompile Include="ui\PokemonPickIcon.cpp">
      <Filter>Source Files</Filter>
    </ClCompile>
    <ClCompile Include="ui\PokemonViewMenu.cpp">
      <Filter>Source Files</Filter>
    </ClCompile>
    <ClCompile Include="ui\BuyMoveUI.cpp">
      <Filter>Source Files</Filter>
    </ClCompile>
    <ClCompile Include="ui\VolumeSliderUI.cpp">
      <Filter>Source Files</Filter>
    </ClCompile>
    <ClCompile Include="SoundEffectManager.cpp">
      <Filter>Source Files</Filter>
    </ClCompile>
    <ClCompile Include="ui\PokemonCaughtUI.cpp">
      <Filter>Source Files</Filter>
    </ClCompile>
    <ClCompile Include="ui\SaveInfoUI.cpp">
      <Filter>Source Files</Filter>
    </ClCompile>
    <ClCompile Include="ui\SaveMenu.cpp">
      <Filter>Source Files</Filter>
    </ClCompile>
    <ClCompile Include="ui\StarterPickMenu.cpp">
      <Filter>Source Files</Filter>
    </ClCompile>
    <ClCompile Include="ui\TwoOptionMenu.cpp">
      <Filter>Source Files</Filter>
    </ClCompile>
    <ClCompile Include="ui\OptionsMenu.cpp">
      <Filter>Source Files</Filter>
    </ClCompile>
    <ClCompile Include="ui\TextBoxManager.cpp">
      <Filter>Source Files</Filter>
    </ClCompile>
    <ClCompile Include="Character.cpp">
      <Filter>Source Files</Filter>
    </ClCompile>
  </ItemGroup>
  <ItemGroup>
    <ClInclude Include="Level.h">
      <Filter>Header Files</Filter>
    </ClInclude>
    <ClInclude Include="Pokemon.h">
      <Filter>Header Files</Filter>
    </ClInclude>
    <ClInclude Include="GameMath.h">
      <Filter>Header Files</Filter>
    </ClInclude>
    <ClInclude Include="PlayerPokemon.h">
      <Filter>Header Files</Filter>
    </ClInclude>
    <ClInclude Include="ui\HealthBar.h">
      <Filter>Header Files</Filter>
    </ClInclude>
    <ClInclude Include="Player.h">
      <Filter>Header Files</Filter>
    </ClInclude>
    <ClInclude Include="ui\PokemonPlaceUI.h">
      <Filter>Header Files</Filter>
    </ClInclude>
    <ClInclude Include="Game.h">
      <Filter>Header Files</Filter>
    </ClInclude>
    <ClInclude Include="ui\PokemonPlacement.h">
      <Filter>Header Files</Filter>
    </ClInclude>
    <ClInclude Include="ui\GameUI.h">
      <Filter>Header Files</Filter>
    </ClInclude>
    <ClInclude Include="ui\RoundedRectangleShape.h">
      <Filter>Header Files</Filter>
    </ClInclude>
    <ClInclude Include="attack\Attack.h">
      <Filter>Header Files</Filter>
    </ClInclude>
    <ClInclude Include="LinkedList.h">
      <Filter>Header Files</Filter>
    </ClInclude>
    <ClInclude Include="attack\ProjectileAttack.h">
      <Filter>Header Files</Filter>
    </ClInclude>
    <ClInclude Include="SpriteLoader.h">
      <Filter>Header Files</Filter>
    </ClInclude>
    <ClInclude Include="ui\GameSpeedUI.h">
      <Filter>Header Files</Filter>
    </ClInclude>
    <ClInclude Include="ui\AttackUI.h">
      <Filter>Header Files</Filter>
    </ClInclude>
    <ClInclude Include="attack\AttackStats.h">
      <Filter>Header Files</Filter>
    </ClInclude>
    <ClInclude Include="PokemonStats.h">
      <Filter>Header Files</Filter>
    </ClInclude>
    <ClInclude Include="ui\LevelPokemonUI.h">
      <Filter>Header Files</Filter>
    </ClInclude>
    <ClInclude Include="sqlite\sqlite3.h">
      <Filter>Header Files</Filter>
    </ClInclude>
    <ClInclude Include="sqlite\sqlite3ext.h">
      <Filter>Header Files</Filter>
    </ClInclude>
    <ClInclude Include="sqlite\Database.h">
      <Filter>Header Files</Filter>
    </ClInclude>
    <ClInclude Include="ui\EvolutionUI.h">
      <Filter>Header Files</Filter>
    </ClInclude>
    <ClInclude Include="attack\AttackInfo.h">
      <Filter>Header Files</Filter>
    </ClInclude>
    <ClInclude Include="attack\AttackStanding.h">
      <Filter>Header Files</Filter>
    </ClInclude>
    <ClInclude Include="attack\AOEAttack.h">
      <Filter>Header Files</Filter>
    </ClInclude>
    <ClInclude Include="attack\AOEAttackStanding.h">
      <Filter>Header Files</Filter>
    </ClInclude>
    <ClInclude Include="attack\AOEAttackProjectile.h">
      <Filter>Header Files</Filter>
    </ClInclude>
    <ClInclude Include="attack\AttackContact.h">
      <Filter>Header Files</Filter>
    </ClInclude>
    <ClInclude Include="attack\AllAttacks.h">
      <Filter>Header Files</Filter>
    </ClInclude>
    <ClInclude Include="ui\LearnMoveUI.h">
      <Filter>Header Files</Filter>
    </ClInclude>
    <ClInclude Include="ui\LevelMenu.h">
      <Filter>Header Files</Filter>
    </ClInclude>
    <ClInclude Include="ui\LevelThumbnailUI.h">
      <Filter>Header Files</Filter>
    </ClInclude>
    <ClInclude Include="ui\PauseMenuUI.h">
      <Filter>Header Files</Filter>
    </ClInclude>
    <ClInclude Include="ui\PokeBallUI.h">
      <Filter>Header Files</Filter>
    </ClInclude>
    <ClInclude Include="WaveManager.h">
      <Filter>Header Files</Filter>
    </ClInclude>
    <ClInclude Include="attack\AttackPokemonSprite.h">
      <Filter>Header Files</Filter>
    </ClInclude>
    <ClInclude Include="attack\AOEHitboxAttack.h">
      <Filter>Header Files</Filter>
    </ClInclude>
    <ClInclude Include="attack\AOEHitboxAttackMoving.h">
      <Filter>Header Files</Filter>
    </ClInclude>
    <ClInclude Include="PickupItem.h">
      <Filter>Header Files</Filter>
    </ClInclude>
    <ClInclude Include="ui\GameOverUI.h">
      <Filter>Header Files</Filter>
    </ClInclude>
    <ClInclude Include="StatusEffect.h">
      <Filter>Header Files</Filter>
    </ClInclude>
    <ClInclude Include="ui\DamageText.h">
      <Filter>Header Files</Filter>
    </ClInclude>
    <ClInclude Include="Random.h">
      <Filter>Header Files</Filter>
    </ClInclude>
    <ClInclude Include="ui\PokemonPickMenu.h">
      <Filter>Header Files</Filter>
    </ClInclude>
    <ClInclude Include="ui\PokemonPickIcon.h">
      <Filter>Header Files</Filter>
    </ClInclude>
    <ClInclude Include="ui\PokemonViewMenu.h">
      <Filter>Header Files</Filter>
    </ClInclude>
    <ClInclude Include="ui\BuyMoveUI.h">
      <Filter>Header Files</Filter>
    </ClInclude>
    <ClInclude Include="ui\VolumeSliderUI.h">
      <Filter>Header Files</Filter>
    </ClInclude>
    <ClInclude Include="SoundEffectManager.h">
      <Filter>Header Files</Filter>
    </ClInclude>
    <ClInclude Include="ui\PokemonCaughtUI.h">
      <Filter>Header Files</Filter>
    </ClInclude>
    <ClInclude Include="ui\SaveInfoUI.h">
      <Filter>Header Files</Filter>
    </ClInclude>
    <ClInclude Include="ui\SaveMenu.h">
      <Filter>Header Files</Filter>
    </ClInclude>
    <ClInclude Include="ui\StarterPickMenu.h">
      <Filter>Header Files</Filter>
    </ClInclude>
    <ClInclude Include="ui\TwoOptionMenu.h">
      <Filter>Header Files</Filter>
    </ClInclude>
    <ClInclude Include="ui\OptionsMenu.h">
      <Filter>Header Files</Filter>
    </ClInclude>
    <ClInclude Include="ui\TextBoxManager.h">
      <Filter>Header Files</Filter>
    </ClInclude>
    <ClInclude Include="Character.h">
      <Filter>Header Files</Filter>
    </ClInclude>
  </ItemGroup>
  <ItemGroup>
    <Font Include="CinzelDecorative.ttf" />
  </ItemGroup>
  <ItemGroup>
    <None Include="sqlite\Pokemon.db" />
  </ItemGroup>
  <ItemGroup>
    <Image Include="textures\uparrow.png">
      <Filter>Resource Files</Filter>
    </Image>
  </ItemGroup>
</Project>